{
    "_meta": {
        "hash": {
            "sha256": "ac1efc989ea57140de71863ef21fc369cdbec62bf55137d9020d30ac9222881f"
        },
        "pipfile-spec": 6,
        "requires": {
            "python_version": "3.7"
        },
        "sources": [
            {
                "name": "pypi",
                "url": "https://pypi.org/simple",
                "verify_ssl": true
            }
        ]
    },
    "default": {},
    "develop": {}
}
